// !$*UTF8*$!
{
	archiveVersion = 1;
	classes = {
	};
	objectVersion = 46;
	objects = {

/* Begin PBXBuildFile section */
		987FF56A1C28987900D8C397 /* AppDelegate.swift in Sources */ = {isa = PBXBuildFile; fileRef = 987FF5691C28987900D8C397 /* AppDelegate.swift */; };
		987FF56C1C28987900D8C397 /* ViewController.swift in Sources */ = {isa = PBXBuildFile; fileRef = 987FF56B1C28987900D8C397 /* ViewController.swift */; };
		987FF56F1C28987900D8C397 /* Main.storyboard in Resources */ = {isa = PBXBuildFile; fileRef = 987FF56D1C28987900D8C397 /* Main.storyboard */; };
		987FF5711C28987900D8C397 /* Assets.xcassets in Resources */ = {isa = PBXBuildFile; fileRef = 987FF5701C28987900D8C397 /* Assets.xcassets */; };
		987FF5741C28987900D8C397 /* LaunchScreen.storyboard in Resources */ = {isa = PBXBuildFile; fileRef = 987FF5721C28987900D8C397 /* LaunchScreen.storyboard */; };
		987FF57F1C28987A00D8C397 /* MeetingBoardTests.swift in Sources */ = {isa = PBXBuildFile; fileRef = 987FF57E1C28987A00D8C397 /* MeetingBoardTests.swift */; };
		987FF58A1C28987A00D8C397 /* MeetingBoardUITests.swift in Sources */ = {isa = PBXBuildFile; fileRef = 987FF5891C28987A00D8C397 /* MeetingBoardUITests.swift */; };
		987FF5981C289CED00D8C397 /* SellectMeeting.swift in Sources */ = {isa = PBXBuildFile; fileRef = 987FF5971C289CED00D8C397 /* SellectMeeting.swift */; };
/* End PBXBuildFile section */

/* Begin PBXContainerItemProxy section */
		987FF57B1C28987A00D8C397 /* PBXContainerItemProxy */ = {
			isa = PBXContainerItemProxy;
			containerPortal = 987FF55E1C28987800D8C397 /* Project object */;
			proxyType = 1;
			remoteGlobalIDString = 987FF5651C28987800D8C397;
			remoteInfo = MeetingBoard;
		};
		987FF5861C28987A00D8C397 /* PBXContainerItemProxy */ = {
			isa = PBXContainerItemProxy;
			containerPortal = 987FF55E1C28987800D8C397 /* Project object */;
			proxyType = 1;
			remoteGlobalIDString = 987FF5651C28987800D8C397;
			remoteInfo = MeetingBoard;
		};
/* End PBXContainerItemProxy section */

/* Begin PBXFileReference section */
		987FF5661C28987900D8C397 /* MeetingBoard.app */ = {isa = PBXFileReference; explicitFileType = wrapper.application; includeInIndex = 0; path = MeetingBoard.app; sourceTree = BUILT_PRODUCTS_DIR; };
		987FF5691C28987900D8C397 /* AppDelegate.swift */ = {isa = PBXFileReference; lastKnownFileType = sourcecode.swift; path = AppDelegate.swift; sourceTree = "<group>"; };
		987FF56B1C28987900D8C397 /* ViewController.swift */ = {isa = PBXFileReference; lastKnownFileType = sourcecode.swift; path = ViewController.swift; sourceTree = "<group>"; };
		987FF56E1C28987900D8C397 /* Base */ = {isa = PBXFileReference; lastKnownFileType = file.storyboard; name = Base; path = Base.lproj/Main.storyboard; sourceTree = "<group>"; };
		987FF5701C28987900D8C397 /* Assets.xcassets */ = {isa = PBXFileReference; lastKnownFileType = folder.assetcatalog; path = Assets.xcassets; sourceTree = "<group>"; };
		987FF5731C28987900D8C397 /* Base */ = {isa = PBXFileReference; lastKnownFileType = file.storyboard; name = Base; path = Base.lproj/LaunchScreen.storyboard; sourceTree = "<group>"; };
		987FF5751C28987900D8C397 /* Info.plist */ = {isa = PBXFileReference; lastKnownFileType = text.plist.xml; path = Info.plist; sourceTree = "<group>"; };
		987FF57A1C28987A00D8C397 /* MeetingBoardTests.xctest */ = {isa = PBXFileReference; explicitFileType = wrapper.cfbundle; includeInIndex = 0; path = MeetingBoardTests.xctest; sourceTree = BUILT_PRODUCTS_DIR; };
		987FF57E1C28987A00D8C397 /* MeetingBoardTests.swift */ = {isa = PBXFileReference; lastKnownFileType = sourcecode.swift; path = MeetingBoardTests.swift; sourceTree = "<group>"; };
		987FF5801C28987A00D8C397 /* Info.plist */ = {isa = PBXFileReference; lastKnownFileType = text.plist.xml; path = Info.plist; sourceTree = "<group>"; };
		987FF5851C28987A00D8C397 /* MeetingBoardUITests.xctest */ = {isa = PBXFileReference; explicitFileType = wrapper.cfbundle; includeInIndex = 0; path = MeetingBoardUITests.xctest; sourceTree = BUILT_PRODUCTS_DIR; };
		987FF5891C28987A00D8C397 /* MeetingBoardUITests.swift */ = {isa = PBXFileReference; lastKnownFileType = sourcecode.swift; path = MeetingBoardUITests.swift; sourceTree = "<group>"; };
		987FF58B1C28987A00D8C397 /* Info.plist */ = {isa = PBXFileReference; lastKnownFileType = text.plist.xml; path = Info.plist; sourceTree = "<group>"; };
		987FF5971C289CED00D8C397 /* SellectMeeting.swift */ = {isa = PBXFileReference; fileEncoding = 4; lastKnownFileType = sourcecode.swift; path = SellectMeeting.swift; sourceTree = "<group>"; };
/* End PBXFileReference section */

/* Begin PBXFrameworksBuildPhase section */
		987FF5631C28987800D8C397 /* Frameworks */ = {
			isa = PBXFrameworksBuildPhase;
			buildActionMask = 2147483647;
			files = (
			);
			runOnlyForDeploymentPostprocessing = 0;
		};
		987FF5771C28987A00D8C397 /* Frameworks */ = {
			isa = PBXFrameworksBuildPhase;
			buildActionMask = 2147483647;
			files = (
			);
			runOnlyForDeploymentPostprocessing = 0;
		};
		987FF5821C28987A00D8C397 /* Frameworks */ = {
			isa = PBXFrameworksBuildPhase;
			buildActionMask = 2147483647;
			files = (
			);
			runOnlyForDeploymentPostprocessing = 0;
		};
/* End PBXFrameworksBuildPhase section */

/* Begin PBXGroup section */
		987FF55D1C28987700D8C397 = {
			isa = PBXGroup;
			children = (
				987FF5681C28987900D8C397 /* MeetingBoard */,
				987FF57D1C28987A00D8C397 /* MeetingBoardTests */,
				987FF5881C28987A00D8C397 /* MeetingBoardUITests */,
				987FF5671C28987900D8C397 /* Products */,
			);
			sourceTree = "<group>";
		};
		987FF5671C28987900D8C397 /* Products */ = {
			isa = PBXGroup;
			children = (
				987FF5661C28987900D8C397 /* MeetingBoard.app */,
				987FF57A1C28987A00D8C397 /* MeetingBoardTests.xctest */,
				987FF5851C28987A00D8C397 /* MeetingBoardUITests.xctest */,
			);
			name = Products;
			sourceTree = "<group>";
		};
		987FF5681C28987900D8C397 /* MeetingBoard */ = {
			isa = PBXGroup;
			children = (
				987FF5691C28987900D8C397 /* AppDelegate.swift */,
				987FF5971C289CED00D8C397 /* SellectMeeting.swift */,
				987FF56B1C28987900D8C397 /* ViewController.swift */,
				987FF56D1C28987900D8C397 /* Main.storyboard */,
				987FF5701C28987900D8C397 /* Assets.xcassets */,
				987FF5721C28987900D8C397 /* LaunchScreen.storyboard */,
				987FF5751C28987900D8C397 /* Info.plist */,
			);
			path = MeetingBoard;
			sourceTree = "<group>";
		};
		987FF57D1C28987A00D8C397 /* MeetingBoardTests */ = {
			isa = PBXGroup;
			children = (
				987FF57E1C28987A00D8C397 /* MeetingBoardTests.swift */,
				987FF5801C28987A00D8C397 /* Info.plist */,
			);
			path = MeetingBoardTests;
			sourceTree = "<group>";
		};
		987FF5881C28987A00D8C397 /* MeetingBoardUITests */ = {
			isa = PBXGroup;
			children = (
				987FF5891C28987A00D8C397 /* MeetingBoardUITests.swift */,
				987FF58B1C28987A00D8C397 /* Info.plist */,
			);
			path = MeetingBoardUITests;
			sourceTree = "<group>";
		};
/* End PBXGroup section */

/* Begin PBXNativeTarget section */
		987FF5651C28987800D8C397 /* MeetingBoard */ = {
			isa = PBXNativeTarget;
			buildConfigurationList = 987FF58E1C28987A00D8C397 /* Build configuration list for PBXNativeTarget "MeetingBoard" */;
			buildPhases = (
				987FF5621C28987800D8C397 /* Sources */,
				987FF5631C28987800D8C397 /* Frameworks */,
				987FF5641C28987800D8C397 /* Resources */,
			);
			buildRules = (
			);
			dependencies = (
			);
			name = MeetingBoard;
			productName = MeetingBoard;
			productReference = 987FF5661C28987900D8C397 /* MeetingBoard.app */;
			productType = "com.apple.product-type.application";
		};
		987FF5791C28987A00D8C397 /* MeetingBoardTests */ = {
			isa = PBXNativeTarget;
			buildConfigurationList = 987FF5911C28987A00D8C397 /* Build configuration list for PBXNativeTarget "MeetingBoardTests" */;
			buildPhases = (
				987FF5761C28987A00D8C397 /* Sources */,
				987FF5771C28987A00D8C397 /* Frameworks */,
				987FF5781C28987A00D8C397 /* Resources */,
			);
			buildRules = (
			);
			dependencies = (
				987FF57C1C28987A00D8C397 /* PBXTargetDependency */,
			);
			name = MeetingBoardTests;
			productName = MeetingBoardTests;
			productReference = 987FF57A1C28987A00D8C397 /* MeetingBoardTests.xctest */;
			productType = "com.apple.product-type.bundle.unit-test";
		};
		987FF5841C28987A00D8C397 /* MeetingBoardUITests */ = {
			isa = PBXNativeTarget;
			buildConfigurationList = 987FF5941C28987A00D8C397 /* Build configuration list for PBXNativeTarget "MeetingBoardUITests" */;
			buildPhases = (
				987FF5811C28987A00D8C397 /* Sources */,
				987FF5821C28987A00D8C397 /* Frameworks */,
				987FF5831C28987A00D8C397 /* Resources */,
			);
			buildRules = (
			);
			dependencies = (
				987FF5871C28987A00D8C397 /* PBXTargetDependency */,
			);
			name = MeetingBoardUITests;
			productName = MeetingBoardUITests;
			productReference = 987FF5851C28987A00D8C397 /* MeetingBoardUITests.xctest */;
			productType = "com.apple.product-type.bundle.ui-testing";
		};
/* End PBXNativeTarget section */

/* Begin PBXProject section */
		987FF55E1C28987800D8C397 /* Project object */ = {
			isa = PBXProject;
			attributes = {
				LastSwiftUpdateCheck = 0720;
				LastUpgradeCheck = 0720;
				ORGANIZATIONNAME = "寺内 信夫";
				TargetAttributes = {
					987FF5651C28987800D8C397 = {
						CreatedOnToolsVersion = 7.2;
					};
					987FF5791C28987A00D8C397 = {
						CreatedOnToolsVersion = 7.2;
						TestTargetID = 987FF5651C28987800D8C397;
					};
					987FF5841C28987A00D8C397 = {
						CreatedOnToolsVersion = 7.2;
						TestTargetID = 987FF5651C28987800D8C397;
					};
				};
			};
			buildConfigurationList = 987FF5611C28987800D8C397 /* Build configuration list for PBXProject "MeetingBoard" */;
			compatibilityVersion = "Xcode 3.2";
			developmentRegion = English;
			hasScannedForEncodings = 0;
			knownRegions = (
				en,
				Base,
			);
			mainGroup = 987FF55D1C28987700D8C397;
			productRefGroup = 987FF5671C28987900D8C397 /* Products */;
			projectDirPath = "";
			projectRoot = "";
			targets = (
				987FF5651C28987800D8C397 /* MeetingBoard */,
				987FF5791C28987A00D8C397 /* MeetingBoardTests */,
				987FF5841C28987A00D8C397 /* MeetingBoardUITests */,
			);
		};
/* End PBXProject section */

/* Begin PBXResourcesBuildPhase section */
		987FF5641C28987800D8C397 /* Resources */ = {
			isa = PBXResourcesBuildPhase;
			buildActionMask = 2147483647;
			files = (
				987FF5741C28987900D8C397 /* LaunchScreen.storyboard in Resources */,
				987FF5711C28987900D8C397 /* Assets.xcassets in Resources */,
				987FF56F1C28987900D8C397 /* Main.storyboard in Resources */,
			);
			runOnlyForDeploymentPostprocessing = 0;
		};
		987FF5781C28987A00D8C397 /* Resources */ = {
			isa = PBXResourcesBuildPhase;
			buildActionMask = 2147483647;
			files = (
			);
			runOnlyForDeploymentPostprocessing = 0;
		};
		987FF5831C28987A00D8C397 /* Resources */ = {
			isa = PBXResourcesBuildPhase;
			buildActionMask = 2147483647;
			files = (
			);
			runOnlyForDeploymentPostprocessing = 0;
		};
/* End PBXResourcesBuildPhase section */

/* Begin PBXSourcesBuildPhase section */
		987FF5621C28987800D8C397 /* Sources */ = {
			isa = PBXSourcesBuildPhase;
			buildActionMask = 2147483647;
			files = (
				987FF56C1C28987900D8C397 /* ViewController.swift in Sources */,
				987FF56A1C28987900D8C397 /* AppDelegate.swift in Sources */,
				987FF5981C289CED00D8C397 /* SellectMeeting.swift in Sources */,
			);
			runOnlyForDeploymentPostprocessing = 0;
		};
		987FF5761C28987A00D8C397 /* Sources */ = {
			isa = PBXSourcesBuildPhase;
			buildActionMask = 2147483647;
			files = (
				987FF57F1C28987A00D8C397 /* MeetingBoardTests.swift in Sources */,
			);
			runOnlyForDeploymentPostprocessing = 0;
		};
		987FF5811C28987A00D8C397 /* Sources */ = {
			isa = PBXSourcesBuildPhase;
			buildActionMask = 2147483647;
			files = (
				987FF58A1C28987A00D8C397 /* MeetingBoardUITests.swift in Sources */,
			);
			runOnlyForDeploymentPostprocessing = 0;
		};
/* End PBXSourcesBuildPhase section */

/* Begin PBXTargetDependency section */
		987FF57C1C28987A00D8C397 /* PBXTargetDependency */ = {
			isa = PBXTargetDependency;
			target = 987FF5651C28987800D8C397 /* MeetingBoard */;
			targetProxy = 987FF57B1C28987A00D8C397 /* PBXContainerItemProxy */;
		};
		987FF5871C28987A00D8C397 /* PBXTargetDependency */ = {
			isa = PBXTargetDependency;
			target = 987FF5651C28987800D8C397 /* MeetingBoard */;
			targetProxy = 987FF5861C28987A00D8C397 /* PBXContainerItemProxy */;
		};
/* End PBXTargetDependency section */

/* Begin PBXVariantGroup section */
		987FF56D1C28987900D8C397 /* Main.storyboard */ = {
			isa = PBXVariantGroup;
			children = (
				987FF56E1C28987900D8C397 /* Base */,
			);
			name = Main.storyboard;
			sourceTree = "<group>";
		};
		987FF5721C28987900D8C397 /* LaunchScreen.storyboard */ = {
			isa = PBXVariantGroup;
			children = (
				987FF5731C28987900D8C397 /* Base */,
			);
			name = LaunchScreen.storyboard;
			sourceTree = "<group>";
		};
/* End PBXVariantGroup section */

/* Begin XCBuildConfiguration section */
		987FF58C1C28987A00D8C397 /* Debug */ = {
			isa = XCBuildConfiguration;
			buildSettings = {
				ALWAYS_SEARCH_USER_PATHS = NO;
				CLANG_CXX_LANGUAGE_STANDARD = "gnu++0x";
				CLANG_CXX_LIBRARY = "libc++";
				CLANG_ENABLE_MODULES = YES;
				CLANG_ENABLE_OBJC_ARC = YES;
				CLANG_WARN_BOOL_CONVERSION = YES;
				CLANG_WARN_CONSTANT_CONVERSION = YES;
				CLANG_WARN_DIRECT_OBJC_ISA_USAGE = YES_ERROR;
				CLANG_WARN_EMPTY_BODY = YES;
				CLANG_WARN_ENUM_CONVERSION = YES;
				CLANG_WARN_INT_CONVERSION = YES;
				CLANG_WARN_OBJC_ROOT_CLASS = YES_ERROR;
				CLANG_WARN_UNREACHABLE_CODE = YES;
				CLANG_WARN__DUPLICATE_METHOD_MATCH = YES;
				"CODE_SIGN_IDENTITY[sdk=iphoneos*]" = "iPhone Developer";
				COPY_PHASE_STRIP = NO;
				DEBUG_INFORMATION_FORMAT = dwarf;
				ENABLE_STRICT_OBJC_MSGSEND = YES;
				ENABLE_TESTABILITY = YES;
				GCC_C_LANGUAGE_STANDARD = gnu99;
				GCC_DYNAMIC_NO_PIC = NO;
				GCC_NO_COMMON_BLOCKS = YES;
				GCC_OPTIMIZATION_LEVEL = 0;
				GCC_PREPROCESSOR_DEFINITIONS = (
					"DEBUG=1",
					"$(inherited)",
				);
				GCC_WARN_64_TO_32_BIT_CONVERSION = YES;
				GCC_WARN_ABOUT_RETURN_TYPE = YES_ERROR;
				GCC_WARN_UNDECLARED_SELECTOR = YES;
				GCC_WARN_UNINITIALIZED_AUTOS = YES_AGGRESSIVE;
				GCC_WARN_UNUSED_FUNCTION = YES;
				GCC_WARN_UNUSED_VARIABLE = YES;
				IPHONEOS_DEPLOYMENT_TARGET = 9.2;
				MTL_ENABLE_DEBUG_INFO = YES;
				ONLY_ACTIVE_ARCH = YES;
				SDKROOT = iphoneos;
				SWIFT_OPTIMIZATION_LEVEL = "-Onone";
				TARGETED_DEVICE_FAMILY = "1,2";
			};
			name = Debug;
		};
		987FF58D1C28987A00D8C397 /* Release */ = {
			isa = XCBuildConfiguration;
			buildSettings = {
				ALWAYS_SEARCH_USER_PATHS = NO;
				CLANG_CXX_LANGUAGE_STANDARD = "gnu++0x";
				CLANG_CXX_LIBRARY = "libc++";
				CLANG_ENABLE_MODULES = YES;
				CLANG_ENABLE_OBJC_ARC = YES;
				CLANG_WARN_BOOL_CONVERSION = YES;
				CLANG_WARN_CONSTANT_CONVERSION = YES;
				CLANG_WARN_DIRECT_OBJC_ISA_USAGE = YES_ERROR;
				CLANG_WARN_EMPTY_BODY = YES;
				CLANG_WARN_ENUM_CONVERSION = YES;
				CLANG_WARN_INT_CONVERSION = YES;
				CLANG_WARN_OBJC_ROOT_CLASS = YES_ERROR;
				CLANG_WARN_UNREACHABLE_CODE = YES;
				CLANG_WARN__DUPLICATE_METHOD_MATCH = YES;
				"CODE_SIGN_IDENTITY[sdk=iphoneos*]" = "iPhone Developer";
				COPY_PHASE_STRIP = NO;
				DEBUG_INFORMATION_FORMAT = "dwarf-with-dsym";
				ENABLE_NS_ASSERTIONS = NO;
				ENABLE_STRICT_OBJC_MSGSEND = YES;
				GCC_C_LANGUAGE_STANDARD = gnu99;
				GCC_NO_COMMON_BLOCKS = YES;
				GCC_WARN_64_TO_32_BIT_CONVERSION = YES;
				GCC_WARN_ABOUT_RETURN_TYPE = YES_ERROR;
				GCC_WARN_UNDECLARED_SELECTOR = YES;
				GCC_WARN_UNINITIALIZED_AUTOS = YES_AGGRESSIVE;
				GCC_WARN_UNUSED_FUNCTION = YES;
				GCC_WARN_UNUSED_VARIABLE = YES;
				IPHONEOS_DEPLOYMENT_TARGET = 9.2;
				MTL_ENABLE_DEBUG_INFO = NO;
				SDKROOT = iphoneos;
				TARGETED_DEVICE_FAMILY = "1,2";
				VALIDATE_PRODUCT = YES;
			};
			name = Release;
		};
		987FF58F1C28987A00D8C397 /* Debug */ = {
			isa = XCBuildConfiguration;
			buildSettings = {
				ASSETCATALOG_COMPILER_APPICON_NAME = AppIcon;
				INFOPLIST_FILE = MeetingBoard/Info.plist;
				LD_RUNPATH_SEARCH_PATHS = "$(inherited) @executable_path/Frameworks";
				PRODUCT_BUNDLE_IDENTIFIER = tera.MeetingBoard;
				PRODUCT_NAME = "$(TARGET_NAME)";
			};
			name = Debug;
		};
		987FF5901C28987A00D8C397 /* Release */ = {
			isa = XCBuildConfiguration;
			buildSettings = {
				ASSETCATALOG_COMPILER_APPICON_NAME = AppIcon;
				INFOPLIST_FILE = MeetingBoard/Info.plist;
				LD_RUNPATH_SEARCH_PATHS = "$(inherited) @executable_path/Frameworks";
				PRODUCT_BUNDLE_IDENTIFIER = tera.MeetingBoard;
				PRODUCT_NAME = "$(TARGET_NAME)";
			};
			name = Release;
		};
		987FF5921C28987A00D8C397 /* Debug */ = {
			isa = XCBuildConfiguration;
			buildSettings = {
				BUNDLE_LOADER = "$(TEST_HOST)";
				INFOPLIST_FILE = MeetingBoardTests/Info.plist;
				LD_RUNPATH_SEARCH_PATHS = "$(inherited) @executable_path/Frameworks @loader_path/Frameworks";
				PRODUCT_BUNDLE_IDENTIFIER = tera.MeetingBoardTests;
				PRODUCT_NAME = "$(TARGET_NAME)";
				TEST_HOST = "$(BUILT_PRODUCTS_DIR)/MeetingBoard.app/MeetingBoard";
			};
			name = Debug;
		};
		987FF5931C28987A00D8C397 /* Release */ = {
			isa = XCBuildConfiguration;
			buildSettings = {
				BUNDLE_LOADER = "$(TEST_HOST)";
				INFOPLIST_FILE = MeetingBoardTests/Info.plist;
				LD_RUNPATH_SEARCH_PATHS = "$(inherited) @executable_path/Frameworks @loader_path/Frameworks";
				PRODUCT_BUNDLE_IDENTIFIER = tera.MeetingBoardTests;
				PRODUCT_NAME = "$(TARGET_NAME)";
				TEST_HOST = "$(BUILT_PRODUCTS_DIR)/MeetingBoard.app/MeetingBoard";
			};
			name = Release;
		};
		987FF5951C28987A00D8C397 /* Debug */ = {
			isa = XCBuildConfiguration;
			buildSettings = {
				INFOPLIST_FILE = MeetingBoardUITests/Info.plist;
				LD_RUNPATH_SEARCH_PATHS = "$(inherited) @executable_path/Frameworks @loader_path/Frameworks";
				PRODUCT_BUNDLE_IDENTIFIER = tera.MeetingBoardUITests;
				PRODUCT_NAME = "$(TARGET_NAME)";
				TEST_TARGET_NAME = MeetingBoard;
				USES_XCTRUNNER = YES;
			};
			name = Debug;
		};
		987FF5961C28987A00D8C397 /* Release */ = {
			isa = XCBuildConfiguration;
			buildSettings = {
				INFOPLIST_FILE = MeetingBoardUITests/Info.plist;
				LD_RUNPATH_SEARCH_PATHS = "$(inherited) @executable_path/Frameworks @loader_path/Frameworks";
				PRODUCT_BUNDLE_IDENTIFIER = tera.MeetingBoardUITests;
				PRODUCT_NAME = "$(TARGET_NAME)";
				TEST_TARGET_NAME = MeetingBoard;
				USES_XCTRUNNER = YES;
			};
			name = Release;
		};
/* End XCBuildConfiguration section */

/* Begin XCConfigurationList section */
		987FF5611C28987800D8C397 /* Build configuration list for PBXProject "MeetingBoard" */ = {
			isa = XCConfigurationList;
			buildConfigurations = (
				987FF58C1C28987A00D8C397 /* Debug */,
				987FF58D1C28987A00D8C397 /* Release */,
			);
			defaultConfigurationIsVisible = 0;
			defaultConfigurationName = Release;
		};
		987FF58E1C28987A00D8C397 /* Build configuration list for PBXNativeTarget "MeetingBoard" */ = {
			isa = XCConfigurationList;
			buildConfigurations = (
				987FF58F1C28987A00D8C397 /* Debug */,
				987FF5901C28987A00D8C397 /* Release */,
			);
			defaultConfigurationIsVisible = 0;
		};
		987FF5911C28987A00D8C397 /* Build configuration list for PBXNativeTarget "MeetingBoardTests" */ = {
			isa = XCConfigurationList;
			buildConfigurations = (
				987FF5921C28987A00D8C397 /* Debug */,
				987FF5931C28987A00D8C397 /* Release */,
			);
			defaultConfigurationIsVisible = 0;
		};
		987FF5941C28987A00D8C397 /* Build configuration list for PBXNativeTarget "MeetingBoardUITests" */ = {
			isa = XCConfigurationList;
			buildConfigurations = (
				987FF5951C28987A00D8C397 /* Debug */,
				987FF5961C28987A00D8C397 /* Release */,
			);
			defaultConfigurationIsVisible = 0;
		};
/* End XCConfigurationList section */
	};
	rootObject = 987FF55E1C28987800D8C397 /* Project object */;
}
